
Microsoft Visual Studio Solution File, Format Version 12.00
# Visual Studio 14
VisualStudioVersion = 14.0.23107.0
MinimumVisualStudioVersion = 10.0.40219.1
Project("{FAE04EC0-301F-11D3-BF4B-00C04F79EFBC}") = "NinjaTrader_Client", "NinjaTrader_Client\NinjaTrader_Client.csproj", "{960BB308-5729-48B1-A947-49DF58A18FA1}"
EndProject
Global
	GlobalSection(SolutionConfigurationPlatforms) = preSolution
		Debug|Any CPU = Debug|Any CPU
		Debug|x64 = Debug|x64
		Release|Any CPU = Release|Any CPU
		Release|x64 = Release|x64
	EndGlobalSection
	GlobalSection(ProjectConfigurationPlatforms) = postSolution
		{960BB308-5729-48B1-A947-49DF58A18FA1}.Debug|Any CPU.ActiveCfg = Debug|Any CPU
		{960BB308-5729-48B1-A947-49DF58A18FA1}.Debug|Any CPU.Build.0 = Debug|Any CPU
		{960BB308-5729-48B1-A947-49DF58A18FA1}.Debug|x64.ActiveCfg = Debug|x64
		{960BB308-5729-48B1-A947-49DF58A18FA1}.Debug|x64.Build.0 = Debug|x64
		{960BB308-5729-48B1-A947-49DF58A18FA1}.Release|Any CPU.ActiveCfg = Release|Any CPU
		{960BB308-5729-48B1-A947-49DF58A18FA1}.Release|Any CPU.Build.0 = Release|Any CPU
		{960BB308-5729-48B1-A947-49DF58A18FA1}.Release|x64.ActiveCfg = Release|x64
		{960BB308-5729-48B1-A947-49DF58A18FA1}.Release|x64.Build.0 = Release|x64
	EndGlobalSection
	GlobalSection(SolutionProperties) = preSolution
		HideSolutionNode = FALSE
	EndGlobalSection
EndGlobal
